github.com/hashicorp/errwrap v1.0.0 h1:hLrqtEDnRye3+sgx6z4qVLNuviH3MR5aQ0ykNJa/UYA=
github.com/hashicorp/errwrap v1.0.0/go.mod h1:YH+1FKiLXxHSkmPseP+kNlulaMuP3n2brvKWEqk/Jc4=
github.com/hashicorp/go-multierror v1.1.1 h1:H5DkEtf6CXdFp0N0Em5UCwQpXMWke8IA0+lD48awMYo=
github.com/hashicorp/go-multierror v1.1.1/go.mod h1:iw975J/qwKPdAO1clOe2L8331t/9/fmwbPZ6JB6eMoM=
github.com/wrouesnel/go-play v0.0.0-20160128233907-72145a779f8c h1:dsIXkeO/Oj0O0jqDfnany6YL/dkyneWLtqIBa7kFnj4=
github.com/wrouesnel/go-play v0.0.0-20160128233907-72145a779f8c/go.mod h1:uWbHRFR6GUtG6uEh3Dc5S/uuoN8aVo2asmUIDHowL0E=
